
Microsoft Visual Studio Solution File, Format Version 12.00
# Visual Studio Version 17
VisualStudioVersion = 17.3.32811.315
MinimumVisualStudioVersion = 10.0.40219.1
Project("{FAE04EC0-301F-11D3-BF4B-00C04F79EFBC}") = "AzureStoragePriceComparisonV1", "AzureStoragePriceComparisonV1\AzureStoragePriceComparisonV1.csproj", "{B45CF33D-82D1-47F7-99F4-80190668FC7E}"
EndProject
Global
	GlobalSection(SolutionConfigurationPlatforms) = preSolution
		Debug|Any CPU = Debug|Any CPU
		Release|Any CPU = Release|Any CPU
	EndGlobalSection
	GlobalSection(ProjectConfigurationPlatforms) = postSolution
		{B45CF33D-82D1-47F7-99F4-80190668FC7E}.Debug|Any CPU.ActiveCfg = Debug|Any CPU
		{B45CF33D-82D1-47F7-99F4-80190668FC7E}.Debug|Any CPU.Build.0 = Debug|Any CPU
		{B45CF33D-82D1-47F7-99F4-80190668FC7E}.Release|Any CPU.ActiveCfg = Release|Any CPU
		{B45CF33D-82D1-47F7-99F4-80190668FC7E}.Release|Any CPU.Build.0 = Release|Any CPU
	EndGlobalSection
	GlobalSection(SolutionProperties) = preSolution
		HideSolutionNode = FALSE
	EndGlobalSection
	GlobalSection(ExtensibilityGlobals) = postSolution
		SolutionGuid = {767308CE-9C25-4680-9412-A045149E0032}
	EndGlobalSection
EndGlobal
